
Microsoft Visual Studio Solution File, Format Version 12.00
# Visual Studio 15
VisualStudioVersion = 15.0.28307.572
MinimumVisualStudioVersion = 10.0.40219.1
Project("{9092AA53-FB77-4645-B42D-1CCCA6BD08BD}") = "VSIssue531237", "VSIssue531237\VSIssue531237.njsproj", "{DB0F9AD5-187A-42A4-8B94-785DAAA27C07}"
EndProject
Global
	GlobalSection(SolutionConfigurationPlatforms) = preSolution
		Debug|Any CPU = Debug|Any CPU
		Release|Any CPU = Release|Any CPU
	EndGlobalSection
	GlobalSection(ProjectConfigurationPlatforms) = postSolution
		{DB0F9AD5-187A-42A4-8B94-785DAAA27C07}.Debug|Any CPU.ActiveCfg = Debug|Any CPU
		{DB0F9AD5-187A-42A4-8B94-785DAAA27C07}.Debug|Any CPU.Build.0 = Debug|Any CPU
		{DB0F9AD5-187A-42A4-8B94-785DAAA27C07}.Release|Any CPU.ActiveCfg = Release|Any CPU
		{DB0F9AD5-187A-42A4-8B94-785DAAA27C07}.Release|Any CPU.Build.0 = Release|Any CPU
	EndGlobalSection
	GlobalSection(SolutionProperties) = preSolution
		HideSolutionNode = FALSE
	EndGlobalSection
	GlobalSection(ExtensibilityGlobals) = postSolution
		SolutionGuid = {1566299A-6DCB-49F1-A7E5-F41443682C69}
	EndGlobalSection
EndGlobal
